
Microsoft Visual Studio Solution File, Format Version 12.00
# Visual Studio 2012
Project("{FAE04EC0-301F-11D3-BF4B-00C04F79EFBC}") = "DataModel", "DataModel\DataModel.csproj", "{D9832E98-D8C7-4FC8-9096-440FBCEBC7B7}"
EndProject
Project("{FAE04EC0-301F-11D3-BF4B-00C04F79EFBC}") = "DataAccess", "DataAccess\DataAccess.csproj", "{AF04C272-4734-4B66-AA9D-FE02F236833D}"
EndProject
Project("{FAE04EC0-301F-11D3-BF4B-00C04F79EFBC}") = "RMS.Admin", "RMS.Admin\RMS.Admin.csproj", "{93A97112-7E44-49F7-8443-717DE5547D01}"
EndProject
Project("{FAE04EC0-301F-11D3-BF4B-00C04F79EFBC}") = "RMS.Client", "RMS.Client\RMS.Client.csproj", "{5CEBB590-789F-4CA0-901D-744A1E7CF119}"
EndProject
Project("{2150E333-8FDC-42A3-9474-1A3956D46DE8}") = ".nuget", ".nuget", "{6CBCEB6C-A35B-4958-B2FF-8D9DAEFDBF23}"
	ProjectSection(SolutionItems) = preProject
		.nuget\NuGet.Config = .nuget\NuGet.Config
		.nuget\NuGet.exe = .nuget\NuGet.exe
		.nuget\NuGet.targets = .nuget\NuGet.targets
	EndProjectSection
EndProject
Global
	GlobalSection(SolutionConfigurationPlatforms) = preSolution
		Debug|Any CPU = Debug|Any CPU
		Release|Any CPU = Release|Any CPU
	EndGlobalSection
	GlobalSection(ProjectConfigurationPlatforms) = postSolution
		{D9832E98-D8C7-4FC8-9096-440FBCEBC7B7}.Debug|Any CPU.ActiveCfg = Debug|Any CPU
		{D9832E98-D8C7-4FC8-9096-440FBCEBC7B7}.Debug|Any CPU.Build.0 = Debug|Any CPU
		{D9832E98-D8C7-4FC8-9096-440FBCEBC7B7}.Release|Any CPU.ActiveCfg = Release|Any CPU
		{D9832E98-D8C7-4FC8-9096-440FBCEBC7B7}.Release|Any CPU.Build.0 = Release|Any CPU
		{AF04C272-4734-4B66-AA9D-FE02F236833D}.Debug|Any CPU.ActiveCfg = Debug|Any CPU
		{AF04C272-4734-4B66-AA9D-FE02F236833D}.Debug|Any CPU.Build.0 = Debug|Any CPU
		{AF04C272-4734-4B66-AA9D-FE02F236833D}.Release|Any CPU.ActiveCfg = Release|Any CPU
		{AF04C272-4734-4B66-AA9D-FE02F236833D}.Release|Any CPU.Build.0 = Release|Any CPU
		{93A97112-7E44-49F7-8443-717DE5547D01}.Debug|Any CPU.ActiveCfg = Debug|Any CPU
		{93A97112-7E44-49F7-8443-717DE5547D01}.Debug|Any CPU.Build.0 = Debug|Any CPU
		{93A97112-7E44-49F7-8443-717DE5547D01}.Release|Any CPU.ActiveCfg = Release|Any CPU
		{93A97112-7E44-49F7-8443-717DE5547D01}.Release|Any CPU.Build.0 = Release|Any CPU
		{5CEBB590-789F-4CA0-901D-744A1E7CF119}.Debug|Any CPU.ActiveCfg = Debug|Any CPU
		{5CEBB590-789F-4CA0-901D-744A1E7CF119}.Debug|Any CPU.Build.0 = Debug|Any CPU
		{5CEBB590-789F-4CA0-901D-744A1E7CF119}.Release|Any CPU.ActiveCfg = Release|Any CPU
		{5CEBB590-789F-4CA0-901D-744A1E7CF119}.Release|Any CPU.Build.0 = Release|Any CPU
	EndGlobalSection
	GlobalSection(SolutionProperties) = preSolution
		HideSolutionNode = FALSE
	EndGlobalSection
EndGlobal
